
Microsoft Visual Studio Solution File, Format Version 12.00
# Visual Studio Version 17
VisualStudioVersion = 17.0.31825.309
MinimumVisualStudioVersion = 10.0.40219.1
Project("{9A19103F-16F7-4668-BE54-9A1E7A4F7556}") = "Cliente", "TeamsClient\Cliente\Cliente.csproj", "{8B1739FF-F5C3-4A9A-9E56-0A4E364B0C94}"
EndProject
Project("{9A19103F-16F7-4668-BE54-9A1E7A4F7556}") = "RequestsApi", "API\RequestsApi\RequestsApi.csproj", "{46E3090B-CB17-4CD6-8341-32542491D90D}"
EndProject
Project("{9A19103F-16F7-4668-BE54-9A1E7A4F7556}") = "Data", "ManagementClient\Data\Data.csproj", "{BC52B403-582C-4581-BF75-8102AFBD79E8}"
EndProject
Project("{9A19103F-16F7-4668-BE54-9A1E7A4F7556}") = "Logic", "ManagementClient\Logic\Logic.csproj", "{1BA4CFB0-A406-4458-A542-B1E469F429AC}"
EndProject
Project("{9A19103F-16F7-4668-BE54-9A1E7A4F7556}") = "Management", "ManagementClient\Management\Management.csproj", "{765E4160-4581-4124-9CA8-66DBFBA71350}"
EndProject
Project("{2150E333-8FDC-42A3-9474-1A3956D46DE8}") = "ManagementClient", "ManagementClient", "{5A63336A-E264-4A5C-9DED-418E9D4EFCC8}"
EndProject
Project("{2150E333-8FDC-42A3-9474-1A3956D46DE8}") = "TeamsClient", "TeamsClient", "{0CC2A0AD-B653-4377-BE60-A1DE8C62D272}"
EndProject
Project("{2150E333-8FDC-42A3-9474-1A3956D46DE8}") = "API", "API", "{980720DE-F96C-4257-AC2F-BFBC1A276D96}"
EndProject
Project("{9A19103F-16F7-4668-BE54-9A1E7A4F7556}") = "Logic", "TeamsClient\Logic\Logic.csproj", "{84F48EB7-E380-4B50-B0E9-9E12FF75DBEA}"
EndProject
Project("{9A19103F-16F7-4668-BE54-9A1E7A4F7556}") = "Data", "TeamsClient\Data\Data.csproj", "{05EFB769-C643-45D4-A9F2-DF45D889B0CE}"
EndProject
Project("{FAE04EC0-301F-11D3-BF4B-00C04F79EFBC}") = "CovidApi", "CovidApi\CovidApi.csproj", "{25E83EA7-37D3-440F-92C7-FFEADDE3EDF2}"
EndProject
Global
	GlobalSection(SolutionConfigurationPlatforms) = preSolution
		Debug|Any CPU = Debug|Any CPU
		Release|Any CPU = Release|Any CPU
	EndGlobalSection
	GlobalSection(ProjectConfigurationPlatforms) = postSolution
		{8B1739FF-F5C3-4A9A-9E56-0A4E364B0C94}.Debug|Any CPU.ActiveCfg = Debug|Any CPU
		{8B1739FF-F5C3-4A9A-9E56-0A4E364B0C94}.Debug|Any CPU.Build.0 = Debug|Any CPU
		{8B1739FF-F5C3-4A9A-9E56-0A4E364B0C94}.Release|Any CPU.ActiveCfg = Release|Any CPU
		{8B1739FF-F5C3-4A9A-9E56-0A4E364B0C94}.Release|Any CPU.Build.0 = Release|Any CPU
		{46E3090B-CB17-4CD6-8341-32542491D90D}.Debug|Any CPU.ActiveCfg = Debug|Any CPU
		{46E3090B-CB17-4CD6-8341-32542491D90D}.Debug|Any CPU.Build.0 = Debug|Any CPU
		{46E3090B-CB17-4CD6-8341-32542491D90D}.Release|Any CPU.ActiveCfg = Release|Any CPU
		{46E3090B-CB17-4CD6-8341-32542491D90D}.Release|Any CPU.Build.0 = Release|Any CPU
		{BC52B403-582C-4581-BF75-8102AFBD79E8}.Debug|Any CPU.ActiveCfg = Debug|Any CPU
		{BC52B403-582C-4581-BF75-8102AFBD79E8}.Debug|Any CPU.Build.0 = Debug|Any CPU
		{BC52B403-582C-4581-BF75-8102AFBD79E8}.Release|Any CPU.ActiveCfg = Release|Any CPU
		{BC52B403-582C-4581-BF75-8102AFBD79E8}.Release|Any CPU.Build.0 = Release|Any CPU
		{1BA4CFB0-A406-4458-A542-B1E469F429AC}.Debug|Any CPU.ActiveCfg = Debug|Any CPU
		{1BA4CFB0-A406-4458-A542-B1E469F429AC}.Debug|Any CPU.Build.0 = Debug|Any CPU
		{1BA4CFB0-A406-4458-A542-B1E469F429AC}.Release|Any CPU.ActiveCfg = Release|Any CPU
		{1BA4CFB0-A406-4458-A542-B1E469F429AC}.Release|Any CPU.Build.0 = Release|Any CPU
		{765E4160-4581-4124-9CA8-66DBFBA71350}.Debug|Any CPU.ActiveCfg = Debug|Any CPU
		{765E4160-4581-4124-9CA8-66DBFBA71350}.Debug|Any CPU.Build.0 = Debug|Any CPU
		{765E4160-4581-4124-9CA8-66DBFBA71350}.Release|Any CPU.ActiveCfg = Release|Any CPU
		{765E4160-4581-4124-9CA8-66DBFBA71350}.Release|Any CPU.Build.0 = Release|Any CPU
		{84F48EB7-E380-4B50-B0E9-9E12FF75DBEA}.Debug|Any CPU.ActiveCfg = Debug|Any CPU
		{84F48EB7-E380-4B50-B0E9-9E12FF75DBEA}.Debug|Any CPU.Build.0 = Debug|Any CPU
		{84F48EB7-E380-4B50-B0E9-9E12FF75DBEA}.Release|Any CPU.ActiveCfg = Release|Any CPU
		{84F48EB7-E380-4B50-B0E9-9E12FF75DBEA}.Release|Any CPU.Build.0 = Release|Any CPU
		{05EFB769-C643-45D4-A9F2-DF45D889B0CE}.Debug|Any CPU.ActiveCfg = Debug|Any CPU
		{05EFB769-C643-45D4-A9F2-DF45D889B0CE}.Debug|Any CPU.Build.0 = Debug|Any CPU
		{05EFB769-C643-45D4-A9F2-DF45D889B0CE}.Release|Any CPU.ActiveCfg = Release|Any CPU
		{05EFB769-C643-45D4-A9F2-DF45D889B0CE}.Release|Any CPU.Build.0 = Release|Any CPU
		{25E83EA7-37D3-440F-92C7-FFEADDE3EDF2}.Debug|Any CPU.ActiveCfg = Debug|Any CPU
		{25E83EA7-37D3-440F-92C7-FFEADDE3EDF2}.Debug|Any CPU.Build.0 = Debug|Any CPU
		{25E83EA7-37D3-440F-92C7-FFEADDE3EDF2}.Release|Any CPU.ActiveCfg = Release|Any CPU
		{25E83EA7-37D3-440F-92C7-FFEADDE3EDF2}.Release|Any CPU.Build.0 = Release|Any CPU
	EndGlobalSection
	GlobalSection(SolutionProperties) = preSolution
		HideSolutionNode = FALSE
	EndGlobalSection
	GlobalSection(NestedProjects) = preSolution
		{8B1739FF-F5C3-4A9A-9E56-0A4E364B0C94} = {0CC2A0AD-B653-4377-BE60-A1DE8C62D272}
		{46E3090B-CB17-4CD6-8341-32542491D90D} = {980720DE-F96C-4257-AC2F-BFBC1A276D96}
		{BC52B403-582C-4581-BF75-8102AFBD79E8} = {5A63336A-E264-4A5C-9DED-418E9D4EFCC8}
		{1BA4CFB0-A406-4458-A542-B1E469F429AC} = {5A63336A-E264-4A5C-9DED-418E9D4EFCC8}
		{765E4160-4581-4124-9CA8-66DBFBA71350} = {5A63336A-E264-4A5C-9DED-418E9D4EFCC8}
		{84F48EB7-E380-4B50-B0E9-9E12FF75DBEA} = {0CC2A0AD-B653-4377-BE60-A1DE8C62D272}
		{05EFB769-C643-45D4-A9F2-DF45D889B0CE} = {0CC2A0AD-B653-4377-BE60-A1DE8C62D272}
		{25E83EA7-37D3-440F-92C7-FFEADDE3EDF2} = {980720DE-F96C-4257-AC2F-BFBC1A276D96}
	EndGlobalSection
	GlobalSection(ExtensibilityGlobals) = postSolution
		SolutionGuid = {6D8315D9-BE0B-4C2F-9D5B-82642DEA57EF}
	EndGlobalSection
EndGlobal
