
Microsoft Visual Studio Solution File, Format Version 12.00
Project("{FAE04EC0-301F-11D3-BF4B-00C04F79EFBC}") = "TestConsole", "TestConsole\TestConsole.csproj", "{55E9FF9D-55E2-4DB1-9F67-25AC5E36E19B}"
EndProject
Project("{FAE04EC0-301F-11D3-BF4B-00C04F79EFBC}") = "Logic", "Logic\Logic.csproj", "{48FF1354-B31B-4E9C-BDDB-793DFFCE6A0A}"
EndProject
Project("{FAE04EC0-301F-11D3-BF4B-00C04F79EFBC}") = "Data", "Data\Data.csproj", "{12F952E8-1930-4AF2-A22D-DC6BD89A165D}"
EndProject
Project("{FAE04EC0-301F-11D3-BF4B-00C04F79EFBC}") = "RequestsApi", "RequestsApi\RequestsApi.csproj", "{912FFE09-7C5D-4D9E-930A-AA5CD10FE092}"
EndProject
Global
	GlobalSection(SolutionConfigurationPlatforms) = preSolution
		Debug|Any CPU = Debug|Any CPU
		Release|Any CPU = Release|Any CPU
	EndGlobalSection
	GlobalSection(ProjectConfigurationPlatforms) = postSolution
		{55E9FF9D-55E2-4DB1-9F67-25AC5E36E19B}.Debug|Any CPU.ActiveCfg = Debug|Any CPU
		{55E9FF9D-55E2-4DB1-9F67-25AC5E36E19B}.Debug|Any CPU.Build.0 = Debug|Any CPU
		{55E9FF9D-55E2-4DB1-9F67-25AC5E36E19B}.Release|Any CPU.ActiveCfg = Release|Any CPU
		{55E9FF9D-55E2-4DB1-9F67-25AC5E36E19B}.Release|Any CPU.Build.0 = Release|Any CPU
		{48FF1354-B31B-4E9C-BDDB-793DFFCE6A0A}.Debug|Any CPU.ActiveCfg = Debug|Any CPU
		{48FF1354-B31B-4E9C-BDDB-793DFFCE6A0A}.Debug|Any CPU.Build.0 = Debug|Any CPU
		{48FF1354-B31B-4E9C-BDDB-793DFFCE6A0A}.Release|Any CPU.ActiveCfg = Release|Any CPU
		{48FF1354-B31B-4E9C-BDDB-793DFFCE6A0A}.Release|Any CPU.Build.0 = Release|Any CPU
		{12F952E8-1930-4AF2-A22D-DC6BD89A165D}.Debug|Any CPU.ActiveCfg = Debug|Any CPU
		{12F952E8-1930-4AF2-A22D-DC6BD89A165D}.Debug|Any CPU.Build.0 = Debug|Any CPU
		{12F952E8-1930-4AF2-A22D-DC6BD89A165D}.Release|Any CPU.ActiveCfg = Release|Any CPU
		{12F952E8-1930-4AF2-A22D-DC6BD89A165D}.Release|Any CPU.Build.0 = Release|Any CPU
		{912FFE09-7C5D-4D9E-930A-AA5CD10FE092}.Debug|Any CPU.ActiveCfg = Debug|Any CPU
		{912FFE09-7C5D-4D9E-930A-AA5CD10FE092}.Debug|Any CPU.Build.0 = Debug|Any CPU
		{912FFE09-7C5D-4D9E-930A-AA5CD10FE092}.Release|Any CPU.ActiveCfg = Release|Any CPU
		{912FFE09-7C5D-4D9E-930A-AA5CD10FE092}.Release|Any CPU.Build.0 = Release|Any CPU
	EndGlobalSection
EndGlobal
